
Microsoft Visual Studio Solution File, Format Version 12.00
# Visual Studio Version 17
VisualStudioVersion = 17.8.34525.116
MinimumVisualStudioVersion = 10.0.40219.1
Project("{FAE04EC0-301F-11D3-BF4B-00C04F79EFBC}") = "LoginWPF", "LoginWPF.csproj", "{F9E16541-A0E7-4568-A9E4-9DB32C6E74ED}"
EndProject
Project("{FAE04EC0-301F-11D3-BF4B-00C04F79EFBC}") = "Controllers", "..\Controllers\Controllers.csproj", "{1AEC0EA5-C5F8-426E-9474-91D7AD6C9AD1}"
EndProject
Project("{FAE04EC0-301F-11D3-BF4B-00C04F79EFBC}") = "Models", "..\Models\Models.csproj", "{68B18694-C6BF-4C60-B50B-4EA8B15E8D34}"
EndProject
Global
	GlobalSection(SolutionConfigurationPlatforms) = preSolution
		Debug|Any CPU = Debug|Any CPU
		Release|Any CPU = Release|Any CPU
	EndGlobalSection
	GlobalSection(ProjectConfigurationPlatforms) = postSolution
		{F9E16541-A0E7-4568-A9E4-9DB32C6E74ED}.Debug|Any CPU.ActiveCfg = Debug|Any CPU
		{F9E16541-A0E7-4568-A9E4-9DB32C6E74ED}.Debug|Any CPU.Build.0 = Debug|Any CPU
		{F9E16541-A0E7-4568-A9E4-9DB32C6E74ED}.Release|Any CPU.ActiveCfg = Release|Any CPU
		{F9E16541-A0E7-4568-A9E4-9DB32C6E74ED}.Release|Any CPU.Build.0 = Release|Any CPU
		{1AEC0EA5-C5F8-426E-9474-91D7AD6C9AD1}.Debug|Any CPU.ActiveCfg = Debug|Any CPU
		{1AEC0EA5-C5F8-426E-9474-91D7AD6C9AD1}.Debug|Any CPU.Build.0 = Debug|Any CPU
		{1AEC0EA5-C5F8-426E-9474-91D7AD6C9AD1}.Release|Any CPU.ActiveCfg = Release|Any CPU
		{1AEC0EA5-C5F8-426E-9474-91D7AD6C9AD1}.Release|Any CPU.Build.0 = Release|Any CPU
		{68B18694-C6BF-4C60-B50B-4EA8B15E8D34}.Debug|Any CPU.ActiveCfg = Debug|Any CPU
		{68B18694-C6BF-4C60-B50B-4EA8B15E8D34}.Debug|Any CPU.Build.0 = Debug|Any CPU
		{68B18694-C6BF-4C60-B50B-4EA8B15E8D34}.Release|Any CPU.ActiveCfg = Release|Any CPU
		{68B18694-C6BF-4C60-B50B-4EA8B15E8D34}.Release|Any CPU.Build.0 = Release|Any CPU
	EndGlobalSection
	GlobalSection(SolutionProperties) = preSolution
		HideSolutionNode = FALSE
	EndGlobalSection
	GlobalSection(ExtensibilityGlobals) = postSolution
		SolutionGuid = {FF215EB2-D258-40D7-81BB-8D95E385984D}
	EndGlobalSection
EndGlobal
